
Microsoft Visual Studio Solution File, Format Version 12.00
Project("{2150E333-8FDC-42A3-9474-1A3956D46DE8}") = "queues", "queues", "{F6EBAC30-9F53-4832-B883-35C7BDA00CF0}"
EndProject
Project("{2150E333-8FDC-42A3-9474-1A3956D46DE8}") = "channels", "channels", "{F1FB98B9-BF7D-4C91-87A6-5425CEFEC9AD}"
EndProject
Project("{2150E333-8FDC-42A3-9474-1A3956D46DE8}") = "direct-messages", "direct-messages", "{E36FE678-78E2-4121-A9BE-22C406DB921F}"
EndProject
Project("{2150E333-8FDC-42A3-9474-1A3956D46DE8}") = "caches", "caches", "{CA550436-6C67-47A1-94F1-7ED6447092E6}"
EndProject
Project("{FAE04EC0-301F-11D3-BF4B-00C04F79EFBC}") = "Devnot.Horse.Server", "Devnot.Horse.Server\Devnot.Horse.Server.csproj", "{A2E44E91-0838-466D-9D89-B8992159D2C9}"
EndProject
Project("{FAE04EC0-301F-11D3-BF4B-00C04F79EFBC}") = "Devnot.Queue.Consumer", "Devnot.Queue.Consumer\Devnot.Queue.Consumer.csproj", "{1CA5A227-5D66-4949-A10F-987D9996A980}"
EndProject
Project("{FAE04EC0-301F-11D3-BF4B-00C04F79EFBC}") = "Devnot.Queue.Producer", "Devnot.Queue.Producer\Devnot.Queue.Producer.csproj", "{F4EDA507-CC9B-46B6-8391-3176E47DB6D9}"
EndProject
Project("{FAE04EC0-301F-11D3-BF4B-00C04F79EFBC}") = "Devnot.Message.Sender", "Devnot.Message.Sender\Devnot.Message.Sender.csproj", "{DECBF594-B114-47FA-8D21-A5F6ECFE8045}"
EndProject
Project("{FAE04EC0-301F-11D3-BF4B-00C04F79EFBC}") = "Devnot.Message.Receiver", "Devnot.Message.Receiver\Devnot.Message.Receiver.csproj", "{843F246D-FF18-4420-9612-4253606FB11A}"
EndProject
Project("{FAE04EC0-301F-11D3-BF4B-00C04F79EFBC}") = "Devnot.Channel.Distributor", "Devnot.Channel.Distributor\Devnot.Channel.Distributor.csproj", "{B808FE63-DFE4-4A82-9B95-26B1B3A07DE0}"
EndProject
Project("{FAE04EC0-301F-11D3-BF4B-00C04F79EFBC}") = "Devnot.Channel.Listener1", "Devnot.Channel.Listener1\Devnot.Channel.Listener1.csproj", "{87606E75-4E0B-4DF8-8078-5DD1FD134E28}"
EndProject
Project("{FAE04EC0-301F-11D3-BF4B-00C04F79EFBC}") = "Devnot.Channel.Listener2", "Devnot.Channel.Listener2\Devnot.Channel.Listener2.csproj", "{74E807F7-3C8E-4932-BBA8-1F093EF56890}"
EndProject
Project("{FAE04EC0-301F-11D3-BF4B-00C04F79EFBC}") = "Devnot.Cache.Writer", "Devnot.Cache.Writer\Devnot.Cache.Writer.csproj", "{84F9B663-0E43-47B2-B288-5055B5FEB66C}"
EndProject
Project("{FAE04EC0-301F-11D3-BF4B-00C04F79EFBC}") = "Devnot.Cache.Reader", "Devnot.Cache.Reader\Devnot.Cache.Reader.csproj", "{9E277137-9EEE-48B9-A85A-C34672B709AE}"
EndProject
Global
	GlobalSection(SolutionConfigurationPlatforms) = preSolution
		Debug|Any CPU = Debug|Any CPU
		Release|Any CPU = Release|Any CPU
	EndGlobalSection
	GlobalSection(ProjectConfigurationPlatforms) = postSolution
		{A2E44E91-0838-466D-9D89-B8992159D2C9}.Debug|Any CPU.ActiveCfg = Debug|Any CPU
		{A2E44E91-0838-466D-9D89-B8992159D2C9}.Debug|Any CPU.Build.0 = Debug|Any CPU
		{A2E44E91-0838-466D-9D89-B8992159D2C9}.Release|Any CPU.ActiveCfg = Release|Any CPU
		{A2E44E91-0838-466D-9D89-B8992159D2C9}.Release|Any CPU.Build.0 = Release|Any CPU
		{1CA5A227-5D66-4949-A10F-987D9996A980}.Debug|Any CPU.ActiveCfg = Debug|Any CPU
		{1CA5A227-5D66-4949-A10F-987D9996A980}.Debug|Any CPU.Build.0 = Debug|Any CPU
		{1CA5A227-5D66-4949-A10F-987D9996A980}.Release|Any CPU.ActiveCfg = Release|Any CPU
		{1CA5A227-5D66-4949-A10F-987D9996A980}.Release|Any CPU.Build.0 = Release|Any CPU
		{F4EDA507-CC9B-46B6-8391-3176E47DB6D9}.Debug|Any CPU.ActiveCfg = Debug|Any CPU
		{F4EDA507-CC9B-46B6-8391-3176E47DB6D9}.Debug|Any CPU.Build.0 = Debug|Any CPU
		{F4EDA507-CC9B-46B6-8391-3176E47DB6D9}.Release|Any CPU.ActiveCfg = Release|Any CPU
		{F4EDA507-CC9B-46B6-8391-3176E47DB6D9}.Release|Any CPU.Build.0 = Release|Any CPU
		{DECBF594-B114-47FA-8D21-A5F6ECFE8045}.Debug|Any CPU.ActiveCfg = Debug|Any CPU
		{DECBF594-B114-47FA-8D21-A5F6ECFE8045}.Debug|Any CPU.Build.0 = Debug|Any CPU
		{DECBF594-B114-47FA-8D21-A5F6ECFE8045}.Release|Any CPU.ActiveCfg = Release|Any CPU
		{DECBF594-B114-47FA-8D21-A5F6ECFE8045}.Release|Any CPU.Build.0 = Release|Any CPU
		{843F246D-FF18-4420-9612-4253606FB11A}.Debug|Any CPU.ActiveCfg = Debug|Any CPU
		{843F246D-FF18-4420-9612-4253606FB11A}.Debug|Any CPU.Build.0 = Debug|Any CPU
		{843F246D-FF18-4420-9612-4253606FB11A}.Release|Any CPU.ActiveCfg = Release|Any CPU
		{843F246D-FF18-4420-9612-4253606FB11A}.Release|Any CPU.Build.0 = Release|Any CPU
		{B808FE63-DFE4-4A82-9B95-26B1B3A07DE0}.Debug|Any CPU.ActiveCfg = Debug|Any CPU
		{B808FE63-DFE4-4A82-9B95-26B1B3A07DE0}.Debug|Any CPU.Build.0 = Debug|Any CPU
		{B808FE63-DFE4-4A82-9B95-26B1B3A07DE0}.Release|Any CPU.ActiveCfg = Release|Any CPU
		{B808FE63-DFE4-4A82-9B95-26B1B3A07DE0}.Release|Any CPU.Build.0 = Release|Any CPU
		{87606E75-4E0B-4DF8-8078-5DD1FD134E28}.Debug|Any CPU.ActiveCfg = Debug|Any CPU
		{87606E75-4E0B-4DF8-8078-5DD1FD134E28}.Debug|Any CPU.Build.0 = Debug|Any CPU
		{87606E75-4E0B-4DF8-8078-5DD1FD134E28}.Release|Any CPU.ActiveCfg = Release|Any CPU
		{87606E75-4E0B-4DF8-8078-5DD1FD134E28}.Release|Any CPU.Build.0 = Release|Any CPU
		{74E807F7-3C8E-4932-BBA8-1F093EF56890}.Debug|Any CPU.ActiveCfg = Debug|Any CPU
		{74E807F7-3C8E-4932-BBA8-1F093EF56890}.Debug|Any CPU.Build.0 = Debug|Any CPU
		{74E807F7-3C8E-4932-BBA8-1F093EF56890}.Release|Any CPU.ActiveCfg = Release|Any CPU
		{74E807F7-3C8E-4932-BBA8-1F093EF56890}.Release|Any CPU.Build.0 = Release|Any CPU
		{84F9B663-0E43-47B2-B288-5055B5FEB66C}.Debug|Any CPU.ActiveCfg = Debug|Any CPU
		{84F9B663-0E43-47B2-B288-5055B5FEB66C}.Debug|Any CPU.Build.0 = Debug|Any CPU
		{84F9B663-0E43-47B2-B288-5055B5FEB66C}.Release|Any CPU.ActiveCfg = Release|Any CPU
		{84F9B663-0E43-47B2-B288-5055B5FEB66C}.Release|Any CPU.Build.0 = Release|Any CPU
		{9E277137-9EEE-48B9-A85A-C34672B709AE}.Debug|Any CPU.ActiveCfg = Debug|Any CPU
		{9E277137-9EEE-48B9-A85A-C34672B709AE}.Debug|Any CPU.Build.0 = Debug|Any CPU
		{9E277137-9EEE-48B9-A85A-C34672B709AE}.Release|Any CPU.ActiveCfg = Release|Any CPU
		{9E277137-9EEE-48B9-A85A-C34672B709AE}.Release|Any CPU.Build.0 = Release|Any CPU
	EndGlobalSection
	GlobalSection(NestedProjects) = preSolution
		{1CA5A227-5D66-4949-A10F-987D9996A980} = {F6EBAC30-9F53-4832-B883-35C7BDA00CF0}
		{F4EDA507-CC9B-46B6-8391-3176E47DB6D9} = {F6EBAC30-9F53-4832-B883-35C7BDA00CF0}
		{DECBF594-B114-47FA-8D21-A5F6ECFE8045} = {E36FE678-78E2-4121-A9BE-22C406DB921F}
		{843F246D-FF18-4420-9612-4253606FB11A} = {E36FE678-78E2-4121-A9BE-22C406DB921F}
		{B808FE63-DFE4-4A82-9B95-26B1B3A07DE0} = {F1FB98B9-BF7D-4C91-87A6-5425CEFEC9AD}
		{87606E75-4E0B-4DF8-8078-5DD1FD134E28} = {F1FB98B9-BF7D-4C91-87A6-5425CEFEC9AD}
		{74E807F7-3C8E-4932-BBA8-1F093EF56890} = {F1FB98B9-BF7D-4C91-87A6-5425CEFEC9AD}
		{84F9B663-0E43-47B2-B288-5055B5FEB66C} = {CA550436-6C67-47A1-94F1-7ED6447092E6}
		{9E277137-9EEE-48B9-A85A-C34672B709AE} = {CA550436-6C67-47A1-94F1-7ED6447092E6}
	EndGlobalSection
EndGlobal
